
Microsoft Visual Studio Solution File, Format Version 12.00
# Visual Studio 14
VisualStudioVersion = 14.0.25420.1
MinimumVisualStudioVersion = 10.0.40219.1
Project("{FAE04EC0-301F-11D3-BF4B-00C04F79EFBC}") = "CapaWeb", "CapaWeb\CapaWeb.csproj", "{8917B28E-CCCB-452A-B448-5F52ACB47993}"
EndProject
Project("{FAE04EC0-301F-11D3-BF4B-00C04F79EFBC}") = "CapaDato", "CapaDato\CapaDato.csproj", "{7605DB5F-894F-4F7C-8697-9455CF6A29EE}"
EndProject
Project("{FAE04EC0-301F-11D3-BF4B-00C04F79EFBC}") = "CapaNegocio", "CapaNegocio\CapaNegocio.csproj", "{2EC860E1-03C0-4B69-8B7B-A79EE9836B54}"
EndProject
Project("{FAE04EC0-301F-11D3-BF4B-00C04F79EFBC}") = "CapaInterface", "CapaInterface\CapaInterface.csproj", "{1F4CA6FD-2B47-4AF4-A9A4-4A5CAC1EB3EE}"
EndProject
Project("{FAE04EC0-301F-11D3-BF4B-00C04F79EFBC}") = "CapaExcepcion", "CapaExcepcion\CapaExcepcion.csproj", "{C72A6F06-E05E-4570-963B-CAA501D7093F}"
EndProject
Project("{FAE04EC0-301F-11D3-BF4B-00C04F79EFBC}") = "CapaEntidad", "CapaEntidad\CapaEntidad.csproj", "{B37D1E89-748B-4617-B8ED-28A655038FB8}"
EndProject
Global
	GlobalSection(SolutionConfigurationPlatforms) = preSolution
		Debug|Any CPU = Debug|Any CPU
		Release|Any CPU = Release|Any CPU
	EndGlobalSection
	GlobalSection(ProjectConfigurationPlatforms) = postSolution
		{8917B28E-CCCB-452A-B448-5F52ACB47993}.Debug|Any CPU.ActiveCfg = Debug|Any CPU
		{8917B28E-CCCB-452A-B448-5F52ACB47993}.Debug|Any CPU.Build.0 = Debug|Any CPU
		{8917B28E-CCCB-452A-B448-5F52ACB47993}.Release|Any CPU.ActiveCfg = Release|Any CPU
		{8917B28E-CCCB-452A-B448-5F52ACB47993}.Release|Any CPU.Build.0 = Release|Any CPU
		{7605DB5F-894F-4F7C-8697-9455CF6A29EE}.Debug|Any CPU.ActiveCfg = Debug|Any CPU
		{7605DB5F-894F-4F7C-8697-9455CF6A29EE}.Debug|Any CPU.Build.0 = Debug|Any CPU
		{7605DB5F-894F-4F7C-8697-9455CF6A29EE}.Release|Any CPU.ActiveCfg = Release|Any CPU
		{7605DB5F-894F-4F7C-8697-9455CF6A29EE}.Release|Any CPU.Build.0 = Release|Any CPU
		{2EC860E1-03C0-4B69-8B7B-A79EE9836B54}.Debug|Any CPU.ActiveCfg = Debug|Any CPU
		{2EC860E1-03C0-4B69-8B7B-A79EE9836B54}.Debug|Any CPU.Build.0 = Debug|Any CPU
		{2EC860E1-03C0-4B69-8B7B-A79EE9836B54}.Release|Any CPU.ActiveCfg = Release|Any CPU
		{2EC860E1-03C0-4B69-8B7B-A79EE9836B54}.Release|Any CPU.Build.0 = Release|Any CPU
		{1F4CA6FD-2B47-4AF4-A9A4-4A5CAC1EB3EE}.Debug|Any CPU.ActiveCfg = Debug|Any CPU
		{1F4CA6FD-2B47-4AF4-A9A4-4A5CAC1EB3EE}.Debug|Any CPU.Build.0 = Debug|Any CPU
		{1F4CA6FD-2B47-4AF4-A9A4-4A5CAC1EB3EE}.Release|Any CPU.ActiveCfg = Release|Any CPU
		{1F4CA6FD-2B47-4AF4-A9A4-4A5CAC1EB3EE}.Release|Any CPU.Build.0 = Release|Any CPU
		{C72A6F06-E05E-4570-963B-CAA501D7093F}.Debug|Any CPU.ActiveCfg = Debug|Any CPU
		{C72A6F06-E05E-4570-963B-CAA501D7093F}.Debug|Any CPU.Build.0 = Debug|Any CPU
		{C72A6F06-E05E-4570-963B-CAA501D7093F}.Release|Any CPU.ActiveCfg = Release|Any CPU
		{C72A6F06-E05E-4570-963B-CAA501D7093F}.Release|Any CPU.Build.0 = Release|Any CPU
		{B37D1E89-748B-4617-B8ED-28A655038FB8}.Debug|Any CPU.ActiveCfg = Debug|Any CPU
		{B37D1E89-748B-4617-B8ED-28A655038FB8}.Debug|Any CPU.Build.0 = Debug|Any CPU
		{B37D1E89-748B-4617-B8ED-28A655038FB8}.Release|Any CPU.ActiveCfg = Release|Any CPU
		{B37D1E89-748B-4617-B8ED-28A655038FB8}.Release|Any CPU.Build.0 = Release|Any CPU
	EndGlobalSection
	GlobalSection(SolutionProperties) = preSolution
		HideSolutionNode = FALSE
	EndGlobalSection
EndGlobal
